
Microsoft Visual Studio Solution File, Format Version 12.00
# Visual Studio Version 17
VisualStudioVersion = 17.13.35913.81 d17.13
MinimumVisualStudioVersion = 10.0.40219.1
Project("{FAE04EC0-301F-11D3-BF4B-00C04F79EFBC}") = "DateTime_ExamTimer", "DateTime_ExamTimer.csproj", "{014AEAD0-857F-49D7-BA5B-770D63E887AF}"
EndProject
Global
	GlobalSection(SolutionConfigurationPlatforms) = preSolution
		Debug|Any CPU = Debug|Any CPU
		Release|Any CPU = Release|Any CPU
	EndGlobalSection
	GlobalSection(ProjectConfigurationPlatforms) = postSolution
		{014AEAD0-857F-49D7-BA5B-770D63E887AF}.Debug|Any CPU.ActiveCfg = Debug|Any CPU
		{014AEAD0-857F-49D7-BA5B-770D63E887AF}.Debug|Any CPU.Build.0 = Debug|Any CPU
		{014AEAD0-857F-49D7-BA5B-770D63E887AF}.Release|Any CPU.ActiveCfg = Release|Any CPU
		{014AEAD0-857F-49D7-BA5B-770D63E887AF}.Release|Any CPU.Build.0 = Release|Any CPU
	EndGlobalSection
	GlobalSection(SolutionProperties) = preSolution
		HideSolutionNode = FALSE
	EndGlobalSection
	GlobalSection(ExtensibilityGlobals) = postSolution
		SolutionGuid = {412482FB-DB27-461A-88B0-1545B08A12E2}
	EndGlobalSection
EndGlobal
